
Microsoft Visual Studio Solution File, Format Version 12.00
# Visual Studio Version 17
VisualStudioVersion = 17.9.34310.174
MinimumVisualStudioVersion = 10.0.40219.1
Project("{FAE04EC0-301F-11D3-BF4B-00C04F79EFBC}") = "ShortID", "ShortID.csproj", "{96D3C33F-6022-4D3C-8558-C39C1A15160E}"
EndProject
Global
	GlobalSection(SolutionConfigurationPlatforms) = preSolution
		Debug|Any CPU = Debug|Any CPU
		Release|Any CPU = Release|Any CPU
	EndGlobalSection
	GlobalSection(ProjectConfigurationPlatforms) = postSolution
		{96D3C33F-6022-4D3C-8558-C39C1A15160E}.Debug|Any CPU.ActiveCfg = Debug|Any CPU
		{96D3C33F-6022-4D3C-8558-C39C1A15160E}.Debug|Any CPU.Build.0 = Debug|Any CPU
		{96D3C33F-6022-4D3C-8558-C39C1A15160E}.Release|Any CPU.ActiveCfg = Release|Any CPU
		{96D3C33F-6022-4D3C-8558-C39C1A15160E}.Release|Any CPU.Build.0 = Release|Any CPU
	EndGlobalSection
	GlobalSection(SolutionProperties) = preSolution
		HideSolutionNode = FALSE
	EndGlobalSection
	GlobalSection(ExtensibilityGlobals) = postSolution
		SolutionGuid = {5C174371-4207-41A9-A1AA-5DFC6373DDBC}
	EndGlobalSection
EndGlobal
